// !$*UTF8*$!
{
	archiveVersion = 1;
	classes = {
	};
	objectVersion = 46;
	objects = {

/* Begin PBXBuildFile section */
		D0884C201BCEDC66004E5884 /* AppDelegate.swift in Sources */ = {isa = PBXBuildFile; fileRef = D0884C1F1BCEDC66004E5884 /* AppDelegate.swift */; };
		D0884C221BCEDC66004E5884 /* ViewController.swift in Sources */ = {isa = PBXBuildFile; fileRef = D0884C211BCEDC66004E5884 /* ViewController.swift */; };
		D0884C251BCEDC66004E5884 /* Main.storyboard in Resources */ = {isa = PBXBuildFile; fileRef = D0884C231BCEDC66004E5884 /* Main.storyboard */; };
		D0884C271BCEDC66004E5884 /* Assets.xcassets in Resources */ = {isa = PBXBuildFile; fileRef = D0884C261BCEDC66004E5884 /* Assets.xcassets */; };
		D0884C2A1BCEDC66004E5884 /* LaunchScreen.storyboard in Resources */ = {isa = PBXBuildFile; fileRef = D0884C281BCEDC66004E5884 /* LaunchScreen.storyboard */; };
		D09F30881BCF00C600DF5AC7 /* pokemon.csv in Resources */ = {isa = PBXBuildFile; fileRef = D09F30871BCF00C600DF5AC7 /* pokemon.csv */; settings = {ASSET_TAGS = (); }; };
		D09F308D1BCF063600DF5AC7 /* Pokemon.swift in Sources */ = {isa = PBXBuildFile; fileRef = D09F308C1BCF063600DF5AC7 /* Pokemon.swift */; settings = {ASSET_TAGS = (); }; };
		D09F30901BCF1C5200DF5AC7 /* PokeCellCollectionViewCell.swift in Sources */ = {isa = PBXBuildFile; fileRef = D09F308F1BCF1C5200DF5AC7 /* PokeCellCollectionViewCell.swift */; settings = {ASSET_TAGS = (); }; };
		D09F30921BCF2A7A00DF5AC7 /* csv.swift in Sources */ = {isa = PBXBuildFile; fileRef = D09F30911BCF2A7A00DF5AC7 /* csv.swift */; settings = {ASSET_TAGS = (); }; };
		D09F30981BCFCD6300DF5AC7 /* pokemon.ttf in Resources */ = {isa = PBXBuildFile; fileRef = D09F30971BCFCD6300DF5AC7 /* pokemon.ttf */; settings = {ASSET_TAGS = (); }; };
		D09F309A1BCFD06F00DF5AC7 /* music.mp3 in Resources */ = {isa = PBXBuildFile; fileRef = D09F30991BCFD06F00DF5AC7 /* music.mp3 */; settings = {ASSET_TAGS = (); }; };
		D09F309C1BCFFB7F00DF5AC7 /* PokemonDetailVC.swift in Sources */ = {isa = PBXBuildFile; fileRef = D09F309B1BCFFB7F00DF5AC7 /* PokemonDetailVC.swift */; settings = {ASSET_TAGS = (); }; };
		D0A0F6991BD06309007A82E2 /* Constants.swift in Sources */ = {isa = PBXBuildFile; fileRef = D0A0F6981BD06309007A82E2 /* Constants.swift */; settings = {ASSET_TAGS = (); }; };
		D9E23A4F9F46891196267FAE /* Pods.framework in Frameworks */ = {isa = PBXBuildFile; fileRef = 1BE5644CC0DC9B7970A59337 /* Pods.framework */; };
/* End PBXBuildFile section */

/* Begin PBXFileReference section */
		1BE5644CC0DC9B7970A59337 /* Pods.framework */ = {isa = PBXFileReference; explicitFileType = wrapper.framework; includeInIndex = 0; path = Pods.framework; sourceTree = BUILT_PRODUCTS_DIR; };
		41366C42F143D745D03E9FCB /* Pods.debug.xcconfig */ = {isa = PBXFileReference; includeInIndex = 1; lastKnownFileType = text.xcconfig; name = Pods.debug.xcconfig; path = "Pods/Target Support Files/Pods/Pods.debug.xcconfig"; sourceTree = "<group>"; };
		D0884C1C1BCEDC66004E5884 /* Pokedex.app */ = {isa = PBXFileReference; explicitFileType = wrapper.application; includeInIndex = 0; path = Pokedex.app; sourceTree = BUILT_PRODUCTS_DIR; };
		D0884C1F1BCEDC66004E5884 /* AppDelegate.swift */ = {isa = PBXFileReference; lastKnownFileType = sourcecode.swift; path = AppDelegate.swift; sourceTree = "<group>"; };
		D0884C211BCEDC66004E5884 /* ViewController.swift */ = {isa = PBXFileReference; lastKnownFileType = sourcecode.swift; path = ViewController.swift; sourceTree = "<group>"; };
		D0884C241BCEDC66004E5884 /* Base */ = {isa = PBXFileReference; lastKnownFileType = file.storyboard; name = Base; path = Base.lproj/Main.storyboard; sourceTree = "<group>"; };
		D0884C261BCEDC66004E5884 /* Assets.xcassets */ = {isa = PBXFileReference; lastKnownFileType = folder.assetcatalog; path = Assets.xcassets; sourceTree = "<group>"; };
		D0884C291BCEDC66004E5884 /* Base */ = {isa = PBXFileReference; lastKnownFileType = file.storyboard; name = Base; path = Base.lproj/LaunchScreen.storyboard; sourceTree = "<group>"; };
		D0884C2B1BCEDC66004E5884 /* Info.plist */ = {isa = PBXFileReference; lastKnownFileType = text.plist.xml; path = Info.plist; sourceTree = "<group>"; };
		D09F30871BCF00C600DF5AC7 /* pokemon.csv */ = {isa = PBXFileReference; fileEncoding = 4; lastKnownFileType = text; path = pokemon.csv; sourceTree = "<group>"; };
		D09F308C1BCF063600DF5AC7 /* Pokemon.swift */ = {isa = PBXFileReference; fileEncoding = 4; lastKnownFileType = sourcecode.swift; path = Pokemon.swift; sourceTree = "<group>"; };
		D09F308F1BCF1C5200DF5AC7 /* PokeCellCollectionViewCell.swift */ = {isa = PBXFileReference; fileEncoding = 4; lastKnownFileType = sourcecode.swift; path = PokeCellCollectionViewCell.swift; sourceTree = "<group>"; };
		D09F30911BCF2A7A00DF5AC7 /* csv.swift */ = {isa = PBXFileReference; fileEncoding = 4; lastKnownFileType = sourcecode.swift; path = csv.swift; sourceTree = "<group>"; };
		D09F30971BCFCD6300DF5AC7 /* pokemon.ttf */ = {isa = PBXFileReference; lastKnownFileType = file; path = pokemon.ttf; sourceTree = "<group>"; };
		D09F30991BCFD06F00DF5AC7 /* music.mp3 */ = {isa = PBXFileReference; lastKnownFileType = audio.mp3; path = music.mp3; sourceTree = "<group>"; };
		D09F309B1BCFFB7F00DF5AC7 /* PokemonDetailVC.swift */ = {isa = PBXFileReference; fileEncoding = 4; lastKnownFileType = sourcecode.swift; path = PokemonDetailVC.swift; sourceTree = "<group>"; };
		D0A0F6981BD06309007A82E2 /* Constants.swift */ = {isa = PBXFileReference; fileEncoding = 4; lastKnownFileType = sourcecode.swift; path = Constants.swift; sourceTree = "<group>"; };
		F93248A6CA7D3641847F41BF /* Pods.release.xcconfig */ = {isa = PBXFileReference; includeInIndex = 1; lastKnownFileType = text.xcconfig; name = Pods.release.xcconfig; path = "Pods/Target Support Files/Pods/Pods.release.xcconfig"; sourceTree = "<group>"; };
/* End PBXFileReference section */

/* Begin PBXFrameworksBuildPhase section */
		D0884C191BCEDC66004E5884 /* Frameworks */ = {
			isa = PBXFrameworksBuildPhase;
			buildActionMask = 2147483647;
			files = (
				D9E23A4F9F46891196267FAE /* Pods.framework in Frameworks */,
			);
			runOnlyForDeploymentPostprocessing = 0;
		};
/* End PBXFrameworksBuildPhase section */

/* Begin PBXGroup section */
		B3A6A9AB94BE337F6BA5DABF /* Pods */ = {
			isa = PBXGroup;
			children = (
				41366C42F143D745D03E9FCB /* Pods.debug.xcconfig */,
				F93248A6CA7D3641847F41BF /* Pods.release.xcconfig */,
			);
			name = Pods;
			sourceTree = "<group>";
		};
		C90DACFF47EB8E91546DD6C7 /* Frameworks */ = {
			isa = PBXGroup;
			children = (
				1BE5644CC0DC9B7970A59337 /* Pods.framework */,
			);
			name = Frameworks;
			sourceTree = "<group>";
		};
		D0884C131BCEDC66004E5884 = {
			isa = PBXGroup;
			children = (
				D0884C1E1BCEDC66004E5884 /* Pokedex */,
				D0884C1D1BCEDC66004E5884 /* Products */,
				B3A6A9AB94BE337F6BA5DABF /* Pods */,
				C90DACFF47EB8E91546DD6C7 /* Frameworks */,
			);
			sourceTree = "<group>";
		};
		D0884C1D1BCEDC66004E5884 /* Products */ = {
			isa = PBXGroup;
			children = (
				D0884C1C1BCEDC66004E5884 /* Pokedex.app */,
			);
			name = Products;
			sourceTree = "<group>";
		};
		D0884C1E1BCEDC66004E5884 /* Pokedex */ = {
			isa = PBXGroup;
			children = (
				D09F30951BCF2AA500DF5AC7 /* Resources */,
				D09F30941BCF2A9800DF5AC7 /* Controller */,
				D09F30931BCF2A8200DF5AC7 /* Utilities */,
				D09F308E1BCF1C1F00DF5AC7 /* View */,
				D09F30891BCF05EA00DF5AC7 /* Model */,
				D0884C1F1BCEDC66004E5884 /* AppDelegate.swift */,
				D0884C231BCEDC66004E5884 /* Main.storyboard */,
				D0884C261BCEDC66004E5884 /* Assets.xcassets */,
				D0884C281BCEDC66004E5884 /* LaunchScreen.storyboard */,
				D0884C2B1BCEDC66004E5884 /* Info.plist */,
			);
			path = Pokedex;
			sourceTree = "<group>";
		};
		D09F30891BCF05EA00DF5AC7 /* Model */ = {
			isa = PBXGroup;
			children = (
				D09F308C1BCF063600DF5AC7 /* Pokemon.swift */,
			);
			name = Model;
			sourceTree = "<group>";
		};
		D09F308E1BCF1C1F00DF5AC7 /* View */ = {
			isa = PBXGroup;
			children = (
				D09F308F1BCF1C5200DF5AC7 /* PokeCellCollectionViewCell.swift */,
			);
			name = View;
			sourceTree = "<group>";
		};
		D09F30931BCF2A8200DF5AC7 /* Utilities */ = {
			isa = PBXGroup;
			children = (
				D09F30911BCF2A7A00DF5AC7 /* csv.swift */,
				D0A0F6981BD06309007A82E2 /* Constants.swift */,
			);
			name = Utilities;
			sourceTree = "<group>";
		};
		D09F30941BCF2A9800DF5AC7 /* Controller */ = {
			isa = PBXGroup;
			children = (
				D09F309B1BCFFB7F00DF5AC7 /* PokemonDetailVC.swift */,
				D0884C211BCEDC66004E5884 /* ViewController.swift */,
			);
			name = Controller;
			sourceTree = "<group>";
		};
		D09F30951BCF2AA500DF5AC7 /* Resources */ = {
			isa = PBXGroup;
			children = (
				D09F30991BCFD06F00DF5AC7 /* music.mp3 */,
				D09F30971BCFCD6300DF5AC7 /* pokemon.ttf */,
				D09F30871BCF00C600DF5AC7 /* pokemon.csv */,
			);
			name = Resources;
			sourceTree = "<group>";
		};
/* End PBXGroup section */

/* Begin PBXNativeTarget section */
		D0884C1B1BCEDC66004E5884 /* Pokedex */ = {
			isa = PBXNativeTarget;
			buildConfigurationList = D0884C2E1BCEDC66004E5884 /* Build configuration list for PBXNativeTarget "Pokedex" */;
			buildPhases = (
				28DFA8B17A859F3FA99C3293 /* Check Pods Manifest.lock */,
				D0884C181BCEDC66004E5884 /* Sources */,
				D0884C191BCEDC66004E5884 /* Frameworks */,
				D0884C1A1BCEDC66004E5884 /* Resources */,
				5C970D1394372B7F4782AFAD /* Embed Pods Frameworks */,
				AC18E605D2C71AD11142946D /* Copy Pods Resources */,
			);
			buildRules = (
			);
			dependencies = (
			);
			name = Pokedex;
			productName = Pokedex;
			productReference = D0884C1C1BCEDC66004E5884 /* Pokedex.app */;
			productType = "com.apple.product-type.application";
		};
/* End PBXNativeTarget section */

/* Begin PBXProject section */
		D0884C141BCEDC66004E5884 /* Project object */ = {
			isa = PBXProject;
			attributes = {
				LastUpgradeCheck = 0700;
				ORGANIZATIONNAME = "Justin Ferre";
				TargetAttributes = {
					D0884C1B1BCEDC66004E5884 = {
						CreatedOnToolsVersion = 7.0.1;
						DevelopmentTeam = DW2D48JLN6;
					};
				};
			};
			buildConfigurationList = D0884C171BCEDC66004E5884 /* Build configuration list for PBXProject "Pokedex" */;
			compatibilityVersion = "Xcode 3.2";
			developmentRegion = English;
			hasScannedForEncodings = 0;
			knownRegions = (
				en,
				Base,
			);
			mainGroup = D0884C131BCEDC66004E5884;
			productRefGroup = D0884C1D1BCEDC66004E5884 /* Products */;
			projectDirPath = "";
			projectRoot = "";
			targets = (
				D0884C1B1BCEDC66004E5884 /* Pokedex */,
			);
		};
/* End PBXProject section */

/* Begin PBXResourcesBuildPhase section */
		D0884C1A1BCEDC66004E5884 /* Resources */ = {
			isa = PBXResourcesBuildPhase;
			buildActionMask = 2147483647;
			files = (
				D09F30981BCFCD6300DF5AC7 /* pokemon.ttf in Resources */,
				D0884C2A1BCEDC66004E5884 /* LaunchScreen.storyboard in Resources */,
				D09F309A1BCFD06F00DF5AC7 /* music.mp3 in Resources */,
				D0884C271BCEDC66004E5884 /* Assets.xcassets in Resources */,
				D09F30881BCF00C600DF5AC7 /* pokemon.csv in Resources */,
				D0884C251BCEDC66004E5884 /* Main.storyboard in Resources */,
			);
			runOnlyForDeploymentPostprocessing = 0;
		};
/* End PBXResourcesBuildPhase section */

/* Begin PBXShellScriptBuildPhase section */
		28DFA8B17A859F3FA99C3293 /* Check Pods Manifest.lock */ = {
			isa = PBXShellScriptBuildPhase;
			buildActionMask = 2147483647;
			files = (
			);
			inputPaths = (
			);
			name = "Check Pods Manifest.lock";
			outputPaths = (
			);
			runOnlyForDeploymentPostprocessing = 0;
			shellPath = /bin/sh;
			shellScript = "diff \"${PODS_ROOT}/../Podfile.lock\" \"${PODS_ROOT}/Manifest.lock\" > /dev/null\nif [[ $? != 0 ]] ; then\n    cat << EOM\nerror: The sandbox is not in sync with the Podfile.lock. Run 'pod install' or update your CocoaPods installation.\nEOM\n    exit 1\nfi\n";
			showEnvVarsInLog = 0;
		};
		5C970D1394372B7F4782AFAD /* Embed Pods Frameworks */ = {
			isa = PBXShellScriptBuildPhase;
			buildActionMask = 2147483647;
			files = (
			);
			inputPaths = (
			);
			name = "Embed Pods Frameworks";
			outputPaths = (
			);
			runOnlyForDeploymentPostprocessing = 0;
			shellPath = /bin/sh;
			shellScript = "\"${SRCROOT}/Pods/Target Support Files/Pods/Pods-frameworks.sh\"\n";
			showEnvVarsInLog = 0;
		};
		AC18E605D2C71AD11142946D /* Copy Pods Resources */ = {
			isa = PBXShellScriptBuildPhase;
			buildActionMask = 2147483647;
			files = (
			);
			inputPaths = (
			);
			name = "Copy Pods Resources";
			outputPaths = (
			);
			runOnlyForDeploymentPostprocessing = 0;
			shellPath = /bin/sh;
			shellScript = "\"${SRCROOT}/Pods/Target Support Files/Pods/Pods-resources.sh\"\n";
			showEnvVarsInLog = 0;
		};
/* End PBXShellScriptBuildPhase section */

/* Begin PBXSourcesBuildPhase section */
		D0884C181BCEDC66004E5884 /* Sources */ = {
			isa = PBXSourcesBuildPhase;
			buildActionMask = 2147483647;
			files = (
				D0884C221BCEDC66004E5884 /* ViewController.swift in Sources */,
				D0884C201BCEDC66004E5884 /* AppDelegate.swift in Sources */,
				D09F30901BCF1C5200DF5AC7 /* PokeCellCollectionViewCell.swift in Sources */,
				D09F309C1BCFFB7F00DF5AC7 /* PokemonDetailVC.swift in Sources */,
				D0A0F6991BD06309007A82E2 /* Constants.swift in Sources */,
				D09F308D1BCF063600DF5AC7 /* Pokemon.swift in Sources */,
				D09F30921BCF2A7A00DF5AC7 /* csv.swift in Sources */,
			);
			runOnlyForDeploymentPostprocessing = 0;
		};
/* End PBXSourcesBuildPhase section */

/* Begin PBXVariantGroup section */
		D0884C231BCEDC66004E5884 /* Main.storyboard */ = {
			isa = PBXVariantGroup;
			children = (
				D0884C241BCEDC66004E5884 /* Base */,
			);
			name = Main.storyboard;
			sourceTree = "<group>";
		};
		D0884C281BCEDC66004E5884 /* LaunchScreen.storyboard */ = {
			isa = PBXVariantGroup;
			children = (
				D0884C291BCEDC66004E5884 /* Base */,
			);
			name = LaunchScreen.storyboard;
			sourceTree = "<group>";
		};
/* End PBXVariantGroup section */

/* Begin XCBuildConfiguration section */
		D0884C2C1BCEDC66004E5884 /* Debug */ = {
			isa = XCBuildConfiguration;
			buildSettings = {
				ALWAYS_SEARCH_USER_PATHS = NO;
				CLANG_CXX_LANGUAGE_STANDARD = "gnu++0x";
				CLANG_CXX_LIBRARY = "libc++";
				CLANG_ENABLE_MODULES = YES;
				CLANG_ENABLE_OBJC_ARC = YES;
				CLANG_WARN_BOOL_CONVERSION = YES;
				CLANG_WARN_CONSTANT_CONVERSION = YES;
				CLANG_WARN_DIRECT_OBJC_ISA_USAGE = YES_ERROR;
				CLANG_WARN_EMPTY_BODY = YES;
				CLANG_WARN_ENUM_CONVERSION = YES;
				CLANG_WARN_INT_CONVERSION = YES;
				CLANG_WARN_OBJC_ROOT_CLASS = YES_ERROR;
				CLANG_WARN_UNREACHABLE_CODE = YES;
				CLANG_WARN__DUPLICATE_METHOD_MATCH = YES;
				"CODE_SIGN_IDENTITY[sdk=iphoneos*]" = "iPhone Developer";
				COPY_PHASE_STRIP = NO;
				DEBUG_INFORMATION_FORMAT = dwarf;
				ENABLE_STRICT_OBJC_MSGSEND = YES;
				ENABLE_TESTABILITY = YES;
				GCC_C_LANGUAGE_STANDARD = gnu99;
				GCC_DYNAMIC_NO_PIC = NO;
				GCC_NO_COMMON_BLOCKS = YES;
				GCC_OPTIMIZATION_LEVEL = 0;
				GCC_PREPROCESSOR_DEFINITIONS = (
					"DEBUG=1",
					"$(inherited)",
				);
				GCC_WARN_64_TO_32_BIT_CONVERSION = YES;
				GCC_WARN_ABOUT_RETURN_TYPE = YES_ERROR;
				GCC_WARN_UNDECLARED_SELECTOR = YES;
				GCC_WARN_UNINITIALIZED_AUTOS = YES_AGGRESSIVE;
				GCC_WARN_UNUSED_FUNCTION = YES;
				GCC_WARN_UNUSED_VARIABLE = YES;
				IPHONEOS_DEPLOYMENT_TARGET = 9.0;
				MTL_ENABLE_DEBUG_INFO = YES;
				ONLY_ACTIVE_ARCH = YES;
				SDKROOT = iphoneos;
				SWIFT_OPTIMIZATION_LEVEL = "-Onone";
				TARGETED_DEVICE_FAMILY = "1,2";
			};
			name = Debug;
		};
		D0884C2D1BCEDC66004E5884 /* Release */ = {
			isa = XCBuildConfiguration;
			buildSettings = {
				ALWAYS_SEARCH_USER_PATHS = NO;
				CLANG_CXX_LANGUAGE_STANDARD = "gnu++0x";
				CLANG_CXX_LIBRARY = "libc++";
				CLANG_ENABLE_MODULES = YES;
				CLANG_ENABLE_OBJC_ARC = YES;
				CLANG_WARN_BOOL_CONVERSION = YES;
				CLANG_WARN_CONSTANT_CONVERSION = YES;
				CLANG_WARN_DIRECT_OBJC_ISA_USAGE = YES_ERROR;
				CLANG_WARN_EMPTY_BODY = YES;
				CLANG_WARN_ENUM_CONVERSION = YES;
				CLANG_WARN_INT_CONVERSION = YES;
				CLANG_WARN_OBJC_ROOT_CLASS = YES_ERROR;
				CLANG_WARN_UNREACHABLE_CODE = YES;
				CLANG_WARN__DUPLICATE_METHOD_MATCH = YES;
				"CODE_SIGN_IDENTITY[sdk=iphoneos*]" = "iPhone Developer";
				COPY_PHASE_STRIP = NO;
				DEBUG_INFORMATION_FORMAT = "dwarf-with-dsym";
				ENABLE_NS_ASSERTIONS = NO;
				ENABLE_STRICT_OBJC_MSGSEND = YES;
				GCC_C_LANGUAGE_STANDARD = gnu99;
				GCC_NO_COMMON_BLOCKS = YES;
				GCC_WARN_64_TO_32_BIT_CONVERSION = YES;
				GCC_WARN_ABOUT_RETURN_TYPE = YES_ERROR;
				GCC_WARN_UNDECLARED_SELECTOR = YES;
				GCC_WARN_UNINITIALIZED_AUTOS = YES_AGGRESSIVE;
				GCC_WARN_UNUSED_FUNCTION = YES;
				GCC_WARN_UNUSED_VARIABLE = YES;
				IPHONEOS_DEPLOYMENT_TARGET = 9.0;
				MTL_ENABLE_DEBUG_INFO = NO;
				SDKROOT = iphoneos;
				TARGETED_DEVICE_FAMILY = "1,2";
				VALIDATE_PRODUCT = YES;
			};
			name = Release;
		};
		D0884C2F1BCEDC66004E5884 /* Debug */ = {
			isa = XCBuildConfiguration;
			baseConfigurationReference = 41366C42F143D745D03E9FCB /* Pods.debug.xcconfig */;
			buildSettings = {
				ASSETCATALOG_COMPILER_APPICON_NAME = AppIcon;
				INFOPLIST_FILE = Pokedex/Info.plist;
				LD_RUNPATH_SEARCH_PATHS = "$(inherited) @executable_path/Frameworks";
				PRODUCT_BUNDLE_IDENTIFIER = justinferre.Pokedex;
				PRODUCT_NAME = "$(TARGET_NAME)";
			};
			name = Debug;
		};
		D0884C301BCEDC66004E5884 /* Release */ = {
			isa = XCBuildConfiguration;
			baseConfigurationReference = F93248A6CA7D3641847F41BF /* Pods.release.xcconfig */;
			buildSettings = {
				ASSETCATALOG_COMPILER_APPICON_NAME = AppIcon;
				INFOPLIST_FILE = Pokedex/Info.plist;
				LD_RUNPATH_SEARCH_PATHS = "$(inherited) @executable_path/Frameworks";
				PRODUCT_BUNDLE_IDENTIFIER = justinferre.Pokedex;
				PRODUCT_NAME = "$(TARGET_NAME)";
			};
			name = Release;
		};
/* End XCBuildConfiguration section */

/* Begin XCConfigurationList section */
		D0884C171BCEDC66004E5884 /* Build configuration list for PBXProject "Pokedex" */ = {
			isa = XCConfigurationList;
			buildConfigurations = (
				D0884C2C1BCEDC66004E5884 /* Debug */,
				D0884C2D1BCEDC66004E5884 /* Release */,
			);
			defaultConfigurationIsVisible = 0;
			defaultConfigurationName = Release;
		};
		D0884C2E1BCEDC66004E5884 /* Build configuration list for PBXNativeTarget "Pokedex" */ = {
			isa = XCConfigurationList;
			buildConfigurations = (
				D0884C2F1BCEDC66004E5884 /* Debug */,
				D0884C301BCEDC66004E5884 /* Release */,
			);
			defaultConfigurationIsVisible = 0;
			defaultConfigurationName = Release;
		};
/* End XCConfigurationList section */
	};
	rootObject = D0884C141BCEDC66004E5884 /* Project object */;
}
